
Microsoft Visual Studio Solution File, Format Version 12.00
# Visual Studio Version 17
VisualStudioVersion = 17.14.36221.1
MinimumVisualStudioVersion = 10.0.40219.1
Project("{FAE04EC0-301F-11D3-BF4B-00C04F79EFBC}") = "IvTem.Logging", "src\IvTem.Logging.csproj", "{FF6865B7-021F-410E-BB3A-4ED6298C774D}"
EndProject
Project("{FAE04EC0-301F-11D3-BF4B-00C04F79EFBC}") = "LogElapsedDemo", "demo\LogElapsedDemo\LogElapsedDemo.csproj", "{A2A9A4DB-1258-47C0-987A-3E3866F7A310}"
EndProject
Global
	GlobalSection(SolutionConfigurationPlatforms) = preSolution
		Debug|Any CPU = Debug|Any CPU
		Release|Any CPU = Release|Any CPU
	EndGlobalSection
	GlobalSection(ProjectConfigurationPlatforms) = postSolution
		{FF6865B7-021F-410E-BB3A-4ED6298C774D}.Debug|Any CPU.ActiveCfg = Debug|Any CPU
		{FF6865B7-021F-410E-BB3A-4ED6298C774D}.Debug|Any CPU.Build.0 = Debug|Any CPU
		{FF6865B7-021F-410E-BB3A-4ED6298C774D}.Release|Any CPU.ActiveCfg = Release|Any CPU
		{FF6865B7-021F-410E-BB3A-4ED6298C774D}.Release|Any CPU.Build.0 = Release|Any CPU
		{A2A9A4DB-1258-47C0-987A-3E3866F7A310}.Debug|Any CPU.ActiveCfg = Debug|Any CPU
		{A2A9A4DB-1258-47C0-987A-3E3866F7A310}.Debug|Any CPU.Build.0 = Debug|Any CPU
		{A2A9A4DB-1258-47C0-987A-3E3866F7A310}.Release|Any CPU.ActiveCfg = Release|Any CPU
		{A2A9A4DB-1258-47C0-987A-3E3866F7A310}.Release|Any CPU.Build.0 = Release|Any CPU
	EndGlobalSection
	GlobalSection(SolutionProperties) = preSolution
		HideSolutionNode = FALSE
	EndGlobalSection
	GlobalSection(ExtensibilityGlobals) = postSolution
		SolutionGuid = {D06DC4CA-2FB9-436E-81FE-B8D169ACFA9B}
	EndGlobalSection
EndGlobal
